
Microsoft Visual Studio Solution File, Format Version 12.00
# Visual Studio Version 16
VisualStudioVersion = 16.0.30907.101
MinimumVisualStudioVersion = 10.0.40219.1
Project("{FAE04EC0-301F-11D3-BF4B-00C04F79EFBC}") = "Chess", "Chess\Chess.csproj", "{42241EA6-5432-4676-A140-CCE534A91867}"
EndProject
Project("{FAE04EC0-301F-11D3-BF4B-00C04F79EFBC}") = "Chess.Test", "Chess.Test\Chess.Test.csproj", "{4F755FCB-A0B5-4F8D-86C3-605F58795E1C}"
EndProject
Project("{FAE04EC0-301F-11D3-BF4B-00C04F79EFBC}") = "Chess2Console", "Chess2\Chess2Console\Chess2Console\Chess2Console.csproj", "{479469F0-6B26-4EA6-8CDF-6A1ED42F7CB1}"
EndProject
Project("{FAE04EC0-301F-11D3-BF4B-00C04F79EFBC}") = "Chess2ConsoleTest", "Chess2\Chess2Console\Chess2ConsoleTest\Chess2ConsoleTest.csproj", "{29F53611-CB0F-412C-BF5D-907AED3F0853}"
EndProject
Project("{FAE04EC0-301F-11D3-BF4B-00C04F79EFBC}") = "ChessWeb", "ChessWeb\ChessWeb.csproj", "{FE6D335A-FDE9-47EE-9AA6-B8C8D1BADDED}"
EndProject
Project("{FAE04EC0-301F-11D3-BF4B-00C04F79EFBC}") = "BenchChessConsole", "BenchChessConsole\BenchChessConsole.csproj", "{8D650094-4E26-4B6A-AAD1-2F137F4B51FD}"
EndProject
Global
	GlobalSection(SolutionConfigurationPlatforms) = preSolution
		Debug|Any CPU = Debug|Any CPU
		Debug|x64 = Debug|x64
		Release|Any CPU = Release|Any CPU
		Release|x64 = Release|x64
	EndGlobalSection
	GlobalSection(ProjectConfigurationPlatforms) = postSolution
		{42241EA6-5432-4676-A140-CCE534A91867}.Debug|Any CPU.ActiveCfg = Debug|Any CPU
		{42241EA6-5432-4676-A140-CCE534A91867}.Debug|Any CPU.Build.0 = Debug|Any CPU
		{42241EA6-5432-4676-A140-CCE534A91867}.Debug|x64.ActiveCfg = Debug|x64
		{42241EA6-5432-4676-A140-CCE534A91867}.Debug|x64.Build.0 = Debug|x64
		{42241EA6-5432-4676-A140-CCE534A91867}.Release|Any CPU.ActiveCfg = Release|Any CPU
		{42241EA6-5432-4676-A140-CCE534A91867}.Release|Any CPU.Build.0 = Release|Any CPU
		{42241EA6-5432-4676-A140-CCE534A91867}.Release|x64.ActiveCfg = Release|x64
		{42241EA6-5432-4676-A140-CCE534A91867}.Release|x64.Build.0 = Release|x64
		{4F755FCB-A0B5-4F8D-86C3-605F58795E1C}.Debug|Any CPU.ActiveCfg = Debug|Any CPU
		{4F755FCB-A0B5-4F8D-86C3-605F58795E1C}.Debug|Any CPU.Build.0 = Debug|Any CPU
		{4F755FCB-A0B5-4F8D-86C3-605F58795E1C}.Debug|x64.ActiveCfg = Debug|x64
		{4F755FCB-A0B5-4F8D-86C3-605F58795E1C}.Debug|x64.Build.0 = Debug|x64
		{4F755FCB-A0B5-4F8D-86C3-605F58795E1C}.Release|Any CPU.ActiveCfg = Release|Any CPU
		{4F755FCB-A0B5-4F8D-86C3-605F58795E1C}.Release|Any CPU.Build.0 = Release|Any CPU
		{4F755FCB-A0B5-4F8D-86C3-605F58795E1C}.Release|x64.ActiveCfg = Release|x64
		{4F755FCB-A0B5-4F8D-86C3-605F58795E1C}.Release|x64.Build.0 = Release|x64
		{479469F0-6B26-4EA6-8CDF-6A1ED42F7CB1}.Debug|Any CPU.ActiveCfg = Debug|Any CPU
		{479469F0-6B26-4EA6-8CDF-6A1ED42F7CB1}.Debug|Any CPU.Build.0 = Debug|Any CPU
		{479469F0-6B26-4EA6-8CDF-6A1ED42F7CB1}.Debug|x64.ActiveCfg = Debug|Any CPU
		{479469F0-6B26-4EA6-8CDF-6A1ED42F7CB1}.Debug|x64.Build.0 = Debug|Any CPU
		{479469F0-6B26-4EA6-8CDF-6A1ED42F7CB1}.Release|Any CPU.ActiveCfg = Release|Any CPU
		{479469F0-6B26-4EA6-8CDF-6A1ED42F7CB1}.Release|Any CPU.Build.0 = Release|Any CPU
		{479469F0-6B26-4EA6-8CDF-6A1ED42F7CB1}.Release|x64.ActiveCfg = Release|Any CPU
		{479469F0-6B26-4EA6-8CDF-6A1ED42F7CB1}.Release|x64.Build.0 = Release|Any CPU
		{29F53611-CB0F-412C-BF5D-907AED3F0853}.Debug|Any CPU.ActiveCfg = Debug|Any CPU
		{29F53611-CB0F-412C-BF5D-907AED3F0853}.Debug|Any CPU.Build.0 = Debug|Any CPU
		{29F53611-CB0F-412C-BF5D-907AED3F0853}.Debug|x64.ActiveCfg = Debug|Any CPU
		{29F53611-CB0F-412C-BF5D-907AED3F0853}.Debug|x64.Build.0 = Debug|Any CPU
		{29F53611-CB0F-412C-BF5D-907AED3F0853}.Release|Any CPU.ActiveCfg = Release|Any CPU
		{29F53611-CB0F-412C-BF5D-907AED3F0853}.Release|Any CPU.Build.0 = Release|Any CPU
		{29F53611-CB0F-412C-BF5D-907AED3F0853}.Release|x64.ActiveCfg = Release|Any CPU
		{29F53611-CB0F-412C-BF5D-907AED3F0853}.Release|x64.Build.0 = Release|Any CPU
		{FE6D335A-FDE9-47EE-9AA6-B8C8D1BADDED}.Debug|Any CPU.ActiveCfg = Debug|Any CPU
		{FE6D335A-FDE9-47EE-9AA6-B8C8D1BADDED}.Debug|Any CPU.Build.0 = Debug|Any CPU
		{FE6D335A-FDE9-47EE-9AA6-B8C8D1BADDED}.Debug|x64.ActiveCfg = Debug|Any CPU
		{FE6D335A-FDE9-47EE-9AA6-B8C8D1BADDED}.Debug|x64.Build.0 = Debug|Any CPU
		{FE6D335A-FDE9-47EE-9AA6-B8C8D1BADDED}.Release|Any CPU.ActiveCfg = Release|Any CPU
		{FE6D335A-FDE9-47EE-9AA6-B8C8D1BADDED}.Release|Any CPU.Build.0 = Release|Any CPU
		{FE6D335A-FDE9-47EE-9AA6-B8C8D1BADDED}.Release|x64.ActiveCfg = Release|Any CPU
		{FE6D335A-FDE9-47EE-9AA6-B8C8D1BADDED}.Release|x64.Build.0 = Release|Any CPU
		{8D650094-4E26-4B6A-AAD1-2F137F4B51FD}.Debug|Any CPU.ActiveCfg = Debug|Any CPU
		{8D650094-4E26-4B6A-AAD1-2F137F4B51FD}.Debug|Any CPU.Build.0 = Debug|Any CPU
		{8D650094-4E26-4B6A-AAD1-2F137F4B51FD}.Debug|x64.ActiveCfg = Debug|Any CPU
		{8D650094-4E26-4B6A-AAD1-2F137F4B51FD}.Debug|x64.Build.0 = Debug|Any CPU
		{8D650094-4E26-4B6A-AAD1-2F137F4B51FD}.Release|Any CPU.ActiveCfg = Release|Any CPU
		{8D650094-4E26-4B6A-AAD1-2F137F4B51FD}.Release|Any CPU.Build.0 = Release|Any CPU
		{8D650094-4E26-4B6A-AAD1-2F137F4B51FD}.Release|x64.ActiveCfg = Release|Any CPU
		{8D650094-4E26-4B6A-AAD1-2F137F4B51FD}.Release|x64.Build.0 = Release|Any CPU
	EndGlobalSection
	GlobalSection(SolutionProperties) = preSolution
		HideSolutionNode = FALSE
	EndGlobalSection
	GlobalSection(ExtensibilityGlobals) = postSolution
		SolutionGuid = {B6481F68-5C94-4A3C-95F6-CA532792FC5A}
	EndGlobalSection
EndGlobal